
Microsoft Visual Studio Solution File, Format Version 12.00
# Visual Studio Version 16
VisualStudioVersion = 16.0.30907.101
MinimumVisualStudioVersion = 10.0.40219.1
Project("{FAE04EC0-301F-11D3-BF4B-00C04F79EFBC}") = "Lab2sharp", "Lab3\Lab2sharp.csproj", "{D0988EA1-B1DD-4519-A001-50C25D529C8D}"
EndProject
Project("{FAE04EC0-301F-11D3-BF4B-00C04F79EFBC}") = "TextLibrary", "TextLibrary\TextLibrary.csproj", "{ECB15448-A534-4DE9-8D18-E35261802330}"
EndProject
Global
	GlobalSection(SolutionConfigurationPlatforms) = preSolution
		Debug|Any CPU = Debug|Any CPU
		Debug|x64 = Debug|x64
		Debug|x86 = Debug|x86
		Release|Any CPU = Release|Any CPU
		Release|x64 = Release|x64
		Release|x86 = Release|x86
	EndGlobalSection
	GlobalSection(ProjectConfigurationPlatforms) = postSolution
		{D0988EA1-B1DD-4519-A001-50C25D529C8D}.Debug|Any CPU.ActiveCfg = Debug|Any CPU
		{D0988EA1-B1DD-4519-A001-50C25D529C8D}.Debug|Any CPU.Build.0 = Debug|Any CPU
		{D0988EA1-B1DD-4519-A001-50C25D529C8D}.Debug|x64.ActiveCfg = Debug|Any CPU
		{D0988EA1-B1DD-4519-A001-50C25D529C8D}.Debug|x64.Build.0 = Debug|Any CPU
		{D0988EA1-B1DD-4519-A001-50C25D529C8D}.Debug|x86.ActiveCfg = Debug|Any CPU
		{D0988EA1-B1DD-4519-A001-50C25D529C8D}.Debug|x86.Build.0 = Debug|Any CPU
		{D0988EA1-B1DD-4519-A001-50C25D529C8D}.Release|Any CPU.ActiveCfg = Release|Any CPU
		{D0988EA1-B1DD-4519-A001-50C25D529C8D}.Release|Any CPU.Build.0 = Release|Any CPU
		{D0988EA1-B1DD-4519-A001-50C25D529C8D}.Release|x64.ActiveCfg = Release|Any CPU
		{D0988EA1-B1DD-4519-A001-50C25D529C8D}.Release|x64.Build.0 = Release|Any CPU
		{D0988EA1-B1DD-4519-A001-50C25D529C8D}.Release|x86.ActiveCfg = Release|Any CPU
		{D0988EA1-B1DD-4519-A001-50C25D529C8D}.Release|x86.Build.0 = Release|Any CPU
		{ECB15448-A534-4DE9-8D18-E35261802330}.Debug|Any CPU.ActiveCfg = Debug|Any CPU
		{ECB15448-A534-4DE9-8D18-E35261802330}.Debug|Any CPU.Build.0 = Debug|Any CPU
		{ECB15448-A534-4DE9-8D18-E35261802330}.Debug|x64.ActiveCfg = Debug|Any CPU
		{ECB15448-A534-4DE9-8D18-E35261802330}.Debug|x64.Build.0 = Debug|Any CPU
		{ECB15448-A534-4DE9-8D18-E35261802330}.Debug|x86.ActiveCfg = Debug|Any CPU
		{ECB15448-A534-4DE9-8D18-E35261802330}.Debug|x86.Build.0 = Debug|Any CPU
		{ECB15448-A534-4DE9-8D18-E35261802330}.Release|Any CPU.ActiveCfg = Release|Any CPU
		{ECB15448-A534-4DE9-8D18-E35261802330}.Release|Any CPU.Build.0 = Release|Any CPU
		{ECB15448-A534-4DE9-8D18-E35261802330}.Release|x64.ActiveCfg = Release|Any CPU
		{ECB15448-A534-4DE9-8D18-E35261802330}.Release|x64.Build.0 = Release|Any CPU
		{ECB15448-A534-4DE9-8D18-E35261802330}.Release|x86.ActiveCfg = Release|Any CPU
		{ECB15448-A534-4DE9-8D18-E35261802330}.Release|x86.Build.0 = Release|Any CPU
	EndGlobalSection
	GlobalSection(SolutionProperties) = preSolution
		HideSolutionNode = FALSE
	EndGlobalSection
	GlobalSection(ExtensibilityGlobals) = postSolution
		SolutionGuid = {F0302F49-76F6-4D70-B185-AE8B4932D4F2}
	EndGlobalSection
EndGlobal
