
Microsoft Visual Studio Solution File, Format Version 12.00
# Visual Studio Version 16
VisualStudioVersion = 16.0.30907.101
MinimumVisualStudioVersion = 10.0.40219.1
Project("{FAE04EC0-301F-11D3-BF4B-00C04F79EFBC}") = "Lab1_Csharp", "Lab1_Csharp\Lab1_Csharp.csproj", "{E562D21A-59AF-4DF2-8732-DA503FE7F725}"
EndProject
Global
	GlobalSection(SolutionConfigurationPlatforms) = preSolution
		Debug|Any CPU = Debug|Any CPU
		Release|Any CPU = Release|Any CPU
	EndGlobalSection
	GlobalSection(ProjectConfigurationPlatforms) = postSolution
		{E562D21A-59AF-4DF2-8732-DA503FE7F725}.Debug|Any CPU.ActiveCfg = Debug|Any CPU
		{E562D21A-59AF-4DF2-8732-DA503FE7F725}.Debug|Any CPU.Build.0 = Debug|Any CPU
		{E562D21A-59AF-4DF2-8732-DA503FE7F725}.Release|Any CPU.ActiveCfg = Release|Any CPU
		{E562D21A-59AF-4DF2-8732-DA503FE7F725}.Release|Any CPU.Build.0 = Release|Any CPU
	EndGlobalSection
	GlobalSection(SolutionProperties) = preSolution
		HideSolutionNode = FALSE
	EndGlobalSection
	GlobalSection(ExtensibilityGlobals) = postSolution
		SolutionGuid = {4E6C81E4-3B68-42C9-A98B-87A13156CD8C}
	EndGlobalSection
EndGlobal
